
Microsoft Visual Studio Solution File, Format Version 12.00
# Visual Studio Version 16
VisualStudioVersion = 16.0.32002.261
MinimumVisualStudioVersion = 10.0.40219.1
Project("{9A19103F-16F7-4668-BE54-9A1E7A4F7556}") = "R5T.F0032", "R5T.F0032\R5T.F0032.csproj", "{BB6F72D6-CA5C-4CF4-9796-D145E6050816}"
EndProject
Project("{2150E333-8FDC-42A3-9474-1A3956D46DE8}") = "_Dependencies", "_Dependencies", "{57622EB3-FACD-41D4-981C-31C45962495A}"
EndProject
Project("{9A19103F-16F7-4668-BE54-9A1E7A4F7556}") = "R5T.L0019", "..\..\R5T.L0019\source\R5T.L0019\R5T.L0019.csproj", "{756EC4EF-4C49-437C-91B0-27808949686B}"
EndProject
Project("{9A19103F-16F7-4668-BE54-9A1E7A4F7556}") = "R5T.T0132", "..\..\R5T.T0132\source\R5T.T0132\R5T.T0132.csproj", "{648E160A-20BA-4101-895C-C9ADBEAC2B47}"
EndProject
Project("{9A19103F-16F7-4668-BE54-9A1E7A4F7556}") = "R5T.F0002", "..\..\R5T.F0002\source\R5T.F0002\R5T.F0002.csproj", "{7A2B9F8A-8857-44EA-9307-905636D62C0B}"
EndProject
Project("{9A19103F-16F7-4668-BE54-9A1E7A4F7556}") = "R5T.F0032.Q000", "R5T.F0032.Q000\R5T.F0032.Q000.csproj", "{30257FD2-FEB4-4797-BBB7-0AD744F953BC}"
EndProject
Project("{9A19103F-16F7-4668-BE54-9A1E7A4F7556}") = "R5T.T0141", "..\..\R5T.T0141\source\R5T.T0141\R5T.T0141.csproj", "{124244A2-409D-4C58-93CA-5EBE13CC4E47}"
EndProject
Global
	GlobalSection(SolutionConfigurationPlatforms) = preSolution
		Debug|Any CPU = Debug|Any CPU
		Release|Any CPU = Release|Any CPU
	EndGlobalSection
	GlobalSection(ProjectConfigurationPlatforms) = postSolution
		{BB6F72D6-CA5C-4CF4-9796-D145E6050816}.Debug|Any CPU.ActiveCfg = Debug|Any CPU
		{BB6F72D6-CA5C-4CF4-9796-D145E6050816}.Debug|Any CPU.Build.0 = Debug|Any CPU
		{BB6F72D6-CA5C-4CF4-9796-D145E6050816}.Release|Any CPU.ActiveCfg = Release|Any CPU
		{BB6F72D6-CA5C-4CF4-9796-D145E6050816}.Release|Any CPU.Build.0 = Release|Any CPU
		{756EC4EF-4C49-437C-91B0-27808949686B}.Debug|Any CPU.ActiveCfg = Debug|Any CPU
		{756EC4EF-4C49-437C-91B0-27808949686B}.Debug|Any CPU.Build.0 = Debug|Any CPU
		{756EC4EF-4C49-437C-91B0-27808949686B}.Release|Any CPU.ActiveCfg = Release|Any CPU
		{756EC4EF-4C49-437C-91B0-27808949686B}.Release|Any CPU.Build.0 = Release|Any CPU
		{648E160A-20BA-4101-895C-C9ADBEAC2B47}.Debug|Any CPU.ActiveCfg = Debug|Any CPU
		{648E160A-20BA-4101-895C-C9ADBEAC2B47}.Debug|Any CPU.Build.0 = Debug|Any CPU
		{648E160A-20BA-4101-895C-C9ADBEAC2B47}.Release|Any CPU.ActiveCfg = Release|Any CPU
		{648E160A-20BA-4101-895C-C9ADBEAC2B47}.Release|Any CPU.Build.0 = Release|Any CPU
		{7A2B9F8A-8857-44EA-9307-905636D62C0B}.Debug|Any CPU.ActiveCfg = Debug|Any CPU
		{7A2B9F8A-8857-44EA-9307-905636D62C0B}.Debug|Any CPU.Build.0 = Debug|Any CPU
		{7A2B9F8A-8857-44EA-9307-905636D62C0B}.Release|Any CPU.ActiveCfg = Release|Any CPU
		{7A2B9F8A-8857-44EA-9307-905636D62C0B}.Release|Any CPU.Build.0 = Release|Any CPU
		{30257FD2-FEB4-4797-BBB7-0AD744F953BC}.Debug|Any CPU.ActiveCfg = Debug|Any CPU
		{30257FD2-FEB4-4797-BBB7-0AD744F953BC}.Debug|Any CPU.Build.0 = Debug|Any CPU
		{30257FD2-FEB4-4797-BBB7-0AD744F953BC}.Release|Any CPU.ActiveCfg = Release|Any CPU
		{30257FD2-FEB4-4797-BBB7-0AD744F953BC}.Release|Any CPU.Build.0 = Release|Any CPU
		{124244A2-409D-4C58-93CA-5EBE13CC4E47}.Debug|Any CPU.ActiveCfg = Debug|Any CPU
		{124244A2-409D-4C58-93CA-5EBE13CC4E47}.Debug|Any CPU.Build.0 = Debug|Any CPU
		{124244A2-409D-4C58-93CA-5EBE13CC4E47}.Release|Any CPU.ActiveCfg = Release|Any CPU
		{124244A2-409D-4C58-93CA-5EBE13CC4E47}.Release|Any CPU.Build.0 = Release|Any CPU
	EndGlobalSection
	GlobalSection(SolutionProperties) = preSolution
		HideSolutionNode = FALSE
	EndGlobalSection
	GlobalSection(NestedProjects) = preSolution
		{756EC4EF-4C49-437C-91B0-27808949686B} = {57622EB3-FACD-41D4-981C-31C45962495A}
		{648E160A-20BA-4101-895C-C9ADBEAC2B47} = {57622EB3-FACD-41D4-981C-31C45962495A}
		{7A2B9F8A-8857-44EA-9307-905636D62C0B} = {57622EB3-FACD-41D4-981C-31C45962495A}
		{124244A2-409D-4C58-93CA-5EBE13CC4E47} = {57622EB3-FACD-41D4-981C-31C45962495A}
	EndGlobalSection
	GlobalSection(ExtensibilityGlobals) = postSolution
		SolutionGuid = {DE632ECB-96A6-4FF1-BDB1-DC3CD316A427}
	EndGlobalSection
EndGlobal
